
Microsoft Visual Studio Solution File, Format Version 12.00
# Visual Studio Version 16
VisualStudioVersion = 16.0.31019.35
MinimumVisualStudioVersion = 10.0.40219.1
Project("{9A19103F-16F7-4668-BE54-9A1E7A4F7556}") = "80sModelCollector.Test", "80sModelCollector.Test\80sModelCollector.Test.csproj", "{230A4653-FADB-4AB7-822A-BB070232550F}"
EndProject
Project("{9A19103F-16F7-4668-BE54-9A1E7A4F7556}") = "80sModelCollector.Data", "80sModelCollector.Data\80sModelCollector.Data.csproj", "{9D4F6549-B21F-4906-B8FA-B06FFD06DC20}"
EndProject
Project("{9A19103F-16F7-4668-BE54-9A1E7A4F7556}") = "80sModelCollector.Web", "80sModelCollector.Web\80sModelCollector.Web.csproj", "{07531D8D-05F3-4358-B762-D58ED662A54A}"
EndProject
Global
	GlobalSection(SolutionConfigurationPlatforms) = preSolution
		Debug|Any CPU = Debug|Any CPU
		Release|Any CPU = Release|Any CPU
	EndGlobalSection
	GlobalSection(ProjectConfigurationPlatforms) = postSolution
		{230A4653-FADB-4AB7-822A-BB070232550F}.Debug|Any CPU.ActiveCfg = Debug|Any CPU
		{230A4653-FADB-4AB7-822A-BB070232550F}.Debug|Any CPU.Build.0 = Debug|Any CPU
		{230A4653-FADB-4AB7-822A-BB070232550F}.Release|Any CPU.ActiveCfg = Release|Any CPU
		{230A4653-FADB-4AB7-822A-BB070232550F}.Release|Any CPU.Build.0 = Release|Any CPU
		{9D4F6549-B21F-4906-B8FA-B06FFD06DC20}.Debug|Any CPU.ActiveCfg = Debug|Any CPU
		{9D4F6549-B21F-4906-B8FA-B06FFD06DC20}.Debug|Any CPU.Build.0 = Debug|Any CPU
		{9D4F6549-B21F-4906-B8FA-B06FFD06DC20}.Release|Any CPU.ActiveCfg = Release|Any CPU
		{9D4F6549-B21F-4906-B8FA-B06FFD06DC20}.Release|Any CPU.Build.0 = Release|Any CPU
		{07531D8D-05F3-4358-B762-D58ED662A54A}.Debug|Any CPU.ActiveCfg = Debug|Any CPU
		{07531D8D-05F3-4358-B762-D58ED662A54A}.Debug|Any CPU.Build.0 = Debug|Any CPU
		{07531D8D-05F3-4358-B762-D58ED662A54A}.Release|Any CPU.ActiveCfg = Release|Any CPU
		{07531D8D-05F3-4358-B762-D58ED662A54A}.Release|Any CPU.Build.0 = Release|Any CPU
	EndGlobalSection
	GlobalSection(SolutionProperties) = preSolution
		HideSolutionNode = FALSE
	EndGlobalSection
	GlobalSection(ExtensibilityGlobals) = postSolution
		SolutionGuid = {2D2947D1-7469-44D3-A12B-7394873665EB}
	EndGlobalSection
EndGlobal
